Microsoft Visual Studio Solution File, Format Version 12.00
# Visual Studio Version 17
VisualStudioVersion = 17.5.2.0
MinimumVisualStudioVersion = 10.0.40219.1
Project("{FAE04EC0-301F-11D3-BF4B-00C04F79EFBC}") = "mini-loja", "mini-loja.csproj", "{FC579E7C-2574-2CE3-E161-6AD856C69371}"
EndProject
Global
	GlobalSection(SolutionConfigurationPlatforms) = preSolution
		Debug|Any CPU = Debug|Any CPU
		Release|Any CPU = Release|Any CPU
	EndGlobalSection
	GlobalSection(ProjectConfigurationPlatforms) = postSolution
		{FC579E7C-2574-2CE3-E161-6AD856C69371}.Debug|Any CPU.ActiveCfg = Debug|Any CPU
		{FC579E7C-2574-2CE3-E161-6AD856C69371}.Debug|Any CPU.Build.0 = Debug|Any CPU
		{FC579E7C-2574-2CE3-E161-6AD856C69371}.Release|Any CPU.ActiveCfg = Release|Any CPU
		{FC579E7C-2574-2CE3-E161-6AD856C69371}.Release|Any CPU.Build.0 = Release|Any CPU
	EndGlobalSection
	GlobalSection(SolutionProperties) = preSolution
		HideSolutionNode = FALSE
	EndGlobalSection
	GlobalSection(ExtensibilityGlobals) = postSolution
		SolutionGuid = {76FDEFC4-8A45-4379-9C22-E74470D02032}
	EndGlobalSection
EndGlobal
